
Microsoft Visual Studio Solution File, Format Version 12.00
# Visual Studio Version 16
VisualStudioVersion = 16.0.32106.194
MinimumVisualStudioVersion = 10.0.40219.1
Project("{FAE04EC0-301F-11D3-BF4B-00C04F79EFBC}") = "ConCodeChallenge", "ConCodeChallenge\ConCodeChallenge.csproj", "{81D6A4E7-158A-4685-906C-8DBDE0954251}"
EndProject
Global
	GlobalSection(SolutionConfigurationPlatforms) = preSolution
		Debug|Any CPU = Debug|Any CPU
		Release|Any CPU = Release|Any CPU
	EndGlobalSection
	GlobalSection(ProjectConfigurationPlatforms) = postSolution
		{81D6A4E7-158A-4685-906C-8DBDE0954251}.Debug|Any CPU.ActiveCfg = Debug|Any CPU
		{81D6A4E7-158A-4685-906C-8DBDE0954251}.Debug|Any CPU.Build.0 = Debug|Any CPU
		{81D6A4E7-158A-4685-906C-8DBDE0954251}.Release|Any CPU.ActiveCfg = Release|Any CPU
		{81D6A4E7-158A-4685-906C-8DBDE0954251}.Release|Any CPU.Build.0 = Release|Any CPU
	EndGlobalSection
	GlobalSection(SolutionProperties) = preSolution
		HideSolutionNode = FALSE
	EndGlobalSection
	GlobalSection(ExtensibilityGlobals) = postSolution
		SolutionGuid = {8881BFF0-34BC-41E4-A435-153FA44E138F}
	EndGlobalSection
EndGlobal
